// !$*UTF8*$!
{
	archiveVersion = 1;
	classes = {
	};
	objectVersion = 46;
	objects = {

/* Begin PBXBuildFile section */
		C80F361A1EFFC91C0033261F /* main.swift in Sources */ = {isa = PBXBuildFile; fileRef = C80F36191EFFC91C0033261F /* main.swift */; };
		C8D0462A1EFED9E400A7F5B9 /* Driver.swift in Sources */ = {isa = PBXBuildFile; fileRef = C8D046291EFED9E400A7F5B9 /* Driver.swift */; };
		C8D0462C1EFEDFB100A7F5B9 /* SwiftVersion.swift in Sources */ = {isa = PBXBuildFile; fileRef = C8D0462B1EFEDFB000A7F5B9 /* SwiftVersion.swift */; };
		C8D0462F1EFEE10800A7F5B9 /* DPAutomatedTellerMachine.swift in Sources */ = {isa = PBXBuildFile; fileRef = C8D0462E1EFEE10800A7F5B9 /* DPAutomatedTellerMachine.swift */; };
		C8D046311EFEE14700A7F5B9 /* DPCurrencyChest.swift in Sources */ = {isa = PBXBuildFile; fileRef = C8D046301EFEE14700A7F5B9 /* DPCurrencyChest.swift */; };
		C8D046351EFEE5C900A7F5B9 /* DPMoneyWithdrawable.swift in Sources */ = {isa = PBXBuildFile; fileRef = C8D046341EFEE5C900A7F5B9 /* DPMoneyWithdrawable.swift */; };
		C8D2AB741F041E570037022F /* DPBaseNumber.swift in Sources */ = {isa = PBXBuildFile; fileRef = C8D2AB731F041E570037022F /* DPBaseNumber.swift */; };
		C8D2AB761F041E680037022F /* DPBinary.swift in Sources */ = {isa = PBXBuildFile; fileRef = C8D2AB751F041E680037022F /* DPBinary.swift */; };
		C8D2AB781F041E7C0037022F /* DPOctal.swift in Sources */ = {isa = PBXBuildFile; fileRef = C8D2AB771F041E7C0037022F /* DPOctal.swift */; };
		C8D2AB7A1F041EAA0037022F /* DPHexadecimal.swift in Sources */ = {isa = PBXBuildFile; fileRef = C8D2AB791F041EAA0037022F /* DPHexadecimal.swift */; };
		C8D2AB7C1F041EFB0037022F /* DPNumberHelper.swift in Sources */ = {isa = PBXBuildFile; fileRef = C8D2AB7B1F041EFB0037022F /* DPNumberHelper.swift */; };
		C8E4FC4A1F02B2850030A3E6 /* DPDataStructureFactory.swift in Sources */ = {isa = PBXBuildFile; fileRef = C8E4FC491F02B2850030A3E6 /* DPDataStructureFactory.swift */; };
		C8E4FC4C1F02CB570030A3E6 /* DPTraversable.swift in Sources */ = {isa = PBXBuildFile; fileRef = C8E4FC4B1F02CB570030A3E6 /* DPTraversable.swift */; };
		C8E4FC4E1F02DD200030A3E6 /* DPBinaryTree.swift in Sources */ = {isa = PBXBuildFile; fileRef = C8E4FC4D1F02DD200030A3E6 /* DPBinaryTree.swift */; };
		C8FBA9161F012DCD009EB803 /* DPTraversableType.swift in Sources */ = {isa = PBXBuildFile; fileRef = C8FBA9151F012DCD009EB803 /* DPTraversableType.swift */; };
		C8FBA9191F013197009EB803 /* DPTraversableElement.swift in Sources */ = {isa = PBXBuildFile; fileRef = C8FBA9181F013197009EB803 /* DPTraversableElement.swift */; };
		C8FBA91B1F0136B5009EB803 /* DPStack.swift in Sources */ = {isa = PBXBuildFile; fileRef = C8FBA91A1F0136B5009EB803 /* DPStack.swift */; };
		C8FBA91D1F01847D009EB803 /* DPQueue.swift in Sources */ = {isa = PBXBuildFile; fileRef = C8FBA91C1F01847D009EB803 /* DPQueue.swift */; };
/* End PBXBuildFile section */

/* Begin PBXCopyFilesBuildPhase section */
		C8D0461A1EFE966100A7F5B9 /* CopyFiles */ = {
			isa = PBXCopyFilesBuildPhase;
			buildActionMask = 2147483647;
			dstPath = /usr/share/man/man1/;
			dstSubfolderSpec = 0;
			files = (
			);
			runOnlyForDeploymentPostprocessing = 1;
		};
/* End PBXCopyFilesBuildPhase section */

/* Begin PBXFileReference section */
		C80F36191EFFC91C0033261F /* main.swift */ = {isa = PBXFileReference; fileEncoding = 4; lastKnownFileType = sourcecode.swift; name = main.swift; path = "DesignPatterns/#main/main.swift"; sourceTree = SOURCE_ROOT; };
		C8D0461C1EFE966100A7F5B9 /* DesignPatterns */ = {isa = PBXFileReference; explicitFileType = "compiled.mach-o.executable"; includeInIndex = 0; path = DesignPatterns; sourceTree = BUILT_PRODUCTS_DIR; };
		C8D046291EFED9E400A7F5B9 /* Driver.swift */ = {isa = PBXFileReference; fileEncoding = 4; lastKnownFileType = sourcecode.swift; name = Driver.swift; path = "DesignPatterns/#main/Driver.swift"; sourceTree = SOURCE_ROOT; };
		C8D0462B1EFEDFB000A7F5B9 /* SwiftVersion.swift */ = {isa = PBXFileReference; fileEncoding = 4; lastKnownFileType = sourcecode.swift; name = SwiftVersion.swift; path = "DesignPatterns/#main/SwiftVersion.swift"; sourceTree = SOURCE_ROOT; };
		C8D0462E1EFEE10800A7F5B9 /* DPAutomatedTellerMachine.swift */ = {isa = PBXFileReference; fileEncoding = 4; lastKnownFileType = sourcecode.swift; path = DPAutomatedTellerMachine.swift; sourceTree = "<group>"; };
		C8D046301EFEE14700A7F5B9 /* DPCurrencyChest.swift */ = {isa = PBXFileReference; fileEncoding = 4; lastKnownFileType = sourcecode.swift; path = DPCurrencyChest.swift; sourceTree = "<group>"; };
		C8D046341EFEE5C900A7F5B9 /* DPMoneyWithdrawable.swift */ = {isa = PBXFileReference; fileEncoding = 4; lastKnownFileType = sourcecode.swift; path = DPMoneyWithdrawable.swift; sourceTree = "<group>"; };
		C8D2AB731F041E570037022F /* DPBaseNumber.swift */ = {isa = PBXFileReference; fileEncoding = 4; lastKnownFileType = sourcecode.swift; path = DPBaseNumber.swift; sourceTree = "<group>"; };
		C8D2AB751F041E680037022F /* DPBinary.swift */ = {isa = PBXFileReference; fileEncoding = 4; lastKnownFileType = sourcecode.swift; path = DPBinary.swift; sourceTree = "<group>"; };
		C8D2AB771F041E7C0037022F /* DPOctal.swift */ = {isa = PBXFileReference; fileEncoding = 4; lastKnownFileType = sourcecode.swift; path = DPOctal.swift; sourceTree = "<group>"; };
		C8D2AB791F041EAA0037022F /* DPHexadecimal.swift */ = {isa = PBXFileReference; fileEncoding = 4; lastKnownFileType = sourcecode.swift; path = DPHexadecimal.swift; sourceTree = "<group>"; };
		C8D2AB7B1F041EFB0037022F /* DPNumberHelper.swift */ = {isa = PBXFileReference; fileEncoding = 4; lastKnownFileType = sourcecode.swift; path = DPNumberHelper.swift; sourceTree = "<group>"; };
		C8E4FC491F02B2850030A3E6 /* DPDataStructureFactory.swift */ = {isa = PBXFileReference; fileEncoding = 4; lastKnownFileType = sourcecode.swift; path = DPDataStructureFactory.swift; sourceTree = "<group>"; };
		C8E4FC4B1F02CB570030A3E6 /* DPTraversable.swift */ = {isa = PBXFileReference; fileEncoding = 4; lastKnownFileType = sourcecode.swift; path = DPTraversable.swift; sourceTree = "<group>"; };
		C8E4FC4D1F02DD200030A3E6 /* DPBinaryTree.swift */ = {isa = PBXFileReference; fileEncoding = 4; lastKnownFileType = sourcecode.swift; path = DPBinaryTree.swift; sourceTree = "<group>"; };
		C8FBA9131F00DE0A009EB803 /* Concept.txt */ = {isa = PBXFileReference; fileEncoding = 4; lastKnownFileType = text; path = Concept.txt; sourceTree = "<group>"; };
		C8FBA9151F012DCD009EB803 /* DPTraversableType.swift */ = {isa = PBXFileReference; fileEncoding = 4; lastKnownFileType = sourcecode.swift; path = DPTraversableType.swift; sourceTree = "<group>"; };
		C8FBA9171F012DDF009EB803 /* Concept.txt */ = {isa = PBXFileReference; fileEncoding = 4; lastKnownFileType = text; path = Concept.txt; sourceTree = "<group>"; };
		C8FBA9181F013197009EB803 /* DPTraversableElement.swift */ = {isa = PBXFileReference; fileEncoding = 4; lastKnownFileType = sourcecode.swift; path = DPTraversableElement.swift; sourceTree = "<group>"; };
		C8FBA91A1F0136B5009EB803 /* DPStack.swift */ = {isa = PBXFileReference; fileEncoding = 4; lastKnownFileType = sourcecode.swift; path = DPStack.swift; sourceTree = "<group>"; };
		C8FBA91C1F01847D009EB803 /* DPQueue.swift */ = {isa = PBXFileReference; fileEncoding = 4; lastKnownFileType = sourcecode.swift; path = DPQueue.swift; sourceTree = "<group>"; };
/* End PBXFileReference section */

/* Begin PBXFrameworksBuildPhase section */
		C8D046191EFE966100A7F5B9 /* Frameworks */ = {
			isa = PBXFrameworksBuildPhase;
			buildActionMask = 2147483647;
			files = (
			);
			runOnlyForDeploymentPostprocessing = 0;
		};
/* End PBXFrameworksBuildPhase section */

/* Begin PBXGroup section */
		C8D046131EFE966000A7F5B9 = {
			isa = PBXGroup;
			children = (
				C8D0461E1EFE966100A7F5B9 /* DesignPatterns */,
				C8D0461D1EFE966100A7F5B9 /* Products */,
			);
			sourceTree = "<group>";
		};
		C8D0461D1EFE966100A7F5B9 /* Products */ = {
			isa = PBXGroup;
			children = (
				C8D0461C1EFE966100A7F5B9 /* DesignPatterns */,
			);
			name = Products;
			sourceTree = "<group>";
		};
		C8D0461E1EFE966100A7F5B9 /* DesignPatterns */ = {
			isa = PBXGroup;
			children = (
				C8D046261EFE97B700A7F5B9 /* #main */,
				C8D2AB721F041D990037022F /* AbstractFactory */,
				C8D0462D1EFEE09800A7F5B9 /* ChainOfResponsibility */,
				C8FBA9141F012D81009EB803 /* Factory */,
			);
			path = DesignPatterns;
			sourceTree = "<group>";
		};
		C8D046261EFE97B700A7F5B9 /* #main */ = {
			isa = PBXGroup;
			children = (
				C80F36191EFFC91C0033261F /* main.swift */,
				C8D046291EFED9E400A7F5B9 /* Driver.swift */,
				C8D0462B1EFEDFB000A7F5B9 /* SwiftVersion.swift */,
			);
			name = "#main";
			path = main;
			sourceTree = "<group>";
		};
		C8D0462D1EFEE09800A7F5B9 /* ChainOfResponsibility */ = {
			isa = PBXGroup;
			children = (
				C8D0462E1EFEE10800A7F5B9 /* DPAutomatedTellerMachine.swift */,
				C8D046301EFEE14700A7F5B9 /* DPCurrencyChest.swift */,
				C8D046341EFEE5C900A7F5B9 /* DPMoneyWithdrawable.swift */,
				C8FBA9131F00DE0A009EB803 /* Concept.txt */,
			);
			path = ChainOfResponsibility;
			sourceTree = "<group>";
		};
		C8D2AB721F041D990037022F /* AbstractFactory */ = {
			isa = PBXGroup;
			children = (
				C8D2AB731F041E570037022F /* DPBaseNumber.swift */,
				C8D2AB751F041E680037022F /* DPBinary.swift */,
				C8D2AB771F041E7C0037022F /* DPOctal.swift */,
				C8D2AB791F041EAA0037022F /* DPHexadecimal.swift */,
				C8D2AB7B1F041EFB0037022F /* DPNumberHelper.swift */,
			);
			path = AbstractFactory;
			sourceTree = "<group>";
		};
		C8FBA9141F012D81009EB803 /* Factory */ = {
			isa = PBXGroup;
			children = (
				C8E4FC491F02B2850030A3E6 /* DPDataStructureFactory.swift */,
				C8FBA9181F013197009EB803 /* DPTraversableElement.swift */,
				C8E4FC4B1F02CB570030A3E6 /* DPTraversable.swift */,
				C8FBA9151F012DCD009EB803 /* DPTraversableType.swift */,
				C8FBA91A1F0136B5009EB803 /* DPStack.swift */,
				C8FBA91C1F01847D009EB803 /* DPQueue.swift */,
				C8E4FC4D1F02DD200030A3E6 /* DPBinaryTree.swift */,
				C8FBA9171F012DDF009EB803 /* Concept.txt */,
			);
			path = Factory;
			sourceTree = "<group>";
		};
/* End PBXGroup section */

/* Begin PBXNativeTarget section */
		C8D0461B1EFE966100A7F5B9 /* DesignPatterns */ = {
			isa = PBXNativeTarget;
			buildConfigurationList = C8D046231EFE966100A7F5B9 /* Build configuration list for PBXNativeTarget "DesignPatterns" */;
			buildPhases = (
				C8D046181EFE966100A7F5B9 /* Sources */,
				C8D046191EFE966100A7F5B9 /* Frameworks */,
				C8D0461A1EFE966100A7F5B9 /* CopyFiles */,
			);
			buildRules = (
			);
			dependencies = (
			);
			name = DesignPatterns;
			productName = DesignPatterns;
			productReference = C8D0461C1EFE966100A7F5B9 /* DesignPatterns */;
			productType = "com.apple.product-type.tool";
		};
/* End PBXNativeTarget section */

/* Begin PBXProject section */
		C8D046141EFE966000A7F5B9 /* Project object */ = {
			isa = PBXProject;
			attributes = {
				LastSwiftUpdateCheck = 0830;
				LastUpgradeCheck = 0830;
				ORGANIZATIONNAME = Home;
				TargetAttributes = {
					C8D0461B1EFE966100A7F5B9 = {
						CreatedOnToolsVersion = 8.3.2;
						DevelopmentTeam = 2F27NMC2Q7;
						ProvisioningStyle = Automatic;
					};
				};
			};
			buildConfigurationList = C8D046171EFE966000A7F5B9 /* Build configuration list for PBXProject "DesignPatterns" */;
			compatibilityVersion = "Xcode 3.2";
			developmentRegion = English;
			hasScannedForEncodings = 0;
			knownRegions = (
				en,
			);
			mainGroup = C8D046131EFE966000A7F5B9;
			productRefGroup = C8D0461D1EFE966100A7F5B9 /* Products */;
			projectDirPath = "";
			projectRoot = "";
			targets = (
				C8D0461B1EFE966100A7F5B9 /* DesignPatterns */,
			);
		};
/* End PBXProject section */

/* Begin PBXSourcesBuildPhase section */
		C8D046181EFE966100A7F5B9 /* Sources */ = {
			isa = PBXSourcesBuildPhase;
			buildActionMask = 2147483647;
			files = (
				C8FBA9161F012DCD009EB803 /* DPTraversableType.swift in Sources */,
				C8D2AB741F041E570037022F /* DPBaseNumber.swift in Sources */,
				C8E4FC4C1F02CB570030A3E6 /* DPTraversable.swift in Sources */,
				C8FBA91B1F0136B5009EB803 /* DPStack.swift in Sources */,
				C8D2AB7C1F041EFB0037022F /* DPNumberHelper.swift in Sources */,
				C8D046311EFEE14700A7F5B9 /* DPCurrencyChest.swift in Sources */,
				C8D0462C1EFEDFB100A7F5B9 /* SwiftVersion.swift in Sources */,
				C80F361A1EFFC91C0033261F /* main.swift in Sources */,
				C8FBA91D1F01847D009EB803 /* DPQueue.swift in Sources */,
				C8D046351EFEE5C900A7F5B9 /* DPMoneyWithdrawable.swift in Sources */,
				C8E4FC4E1F02DD200030A3E6 /* DPBinaryTree.swift in Sources */,
				C8E4FC4A1F02B2850030A3E6 /* DPDataStructureFactory.swift in Sources */,
				C8D2AB7A1F041EAA0037022F /* DPHexadecimal.swift in Sources */,
				C8D0462F1EFEE10800A7F5B9 /* DPAutomatedTellerMachine.swift in Sources */,
				C8D2AB761F041E680037022F /* DPBinary.swift in Sources */,
				C8FBA9191F013197009EB803 /* DPTraversableElement.swift in Sources */,
				C8D0462A1EFED9E400A7F5B9 /* Driver.swift in Sources */,
				C8D2AB781F041E7C0037022F /* DPOctal.swift in Sources */,
			);
			runOnlyForDeploymentPostprocessing = 0;
		};
/* End PBXSourcesBuildPhase section */

/* Begin XCBuildConfiguration section */
		C8D046211EFE966100A7F5B9 /* Debug */ = {
			isa = XCBuildConfiguration;
			buildSettings = {
				ALWAYS_SEARCH_USER_PATHS = NO;
				CLANG_ANALYZER_NONNULL = YES;
				CLANG_ANALYZER_NUMBER_OBJECT_CONVERSION = YES_AGGRESSIVE;
				CLANG_CXX_LANGUAGE_STANDARD = "gnu++0x";
				CLANG_CXX_LIBRARY = "libc++";
				CLANG_ENABLE_MODULES = YES;
				CLANG_ENABLE_OBJC_ARC = YES;
				CLANG_WARN_BOOL_CONVERSION = YES;
				CLANG_WARN_CONSTANT_CONVERSION = YES;
				CLANG_WARN_DIRECT_OBJC_ISA_USAGE = YES_ERROR;
				CLANG_WARN_DOCUMENTATION_COMMENTS = YES;
				CLANG_WARN_EMPTY_BODY = YES;
				CLANG_WARN_ENUM_CONVERSION = YES;
				CLANG_WARN_INFINITE_RECURSION = YES;
				CLANG_WARN_INT_CONVERSION = YES;
				CLANG_WARN_OBJC_ROOT_CLASS = YES_ERROR;
				CLANG_WARN_SUSPICIOUS_MOVE = YES;
				CLANG_WARN_UNREACHABLE_CODE = YES;
				CLANG_WARN__DUPLICATE_METHOD_MATCH = YES;
				CODE_SIGN_IDENTITY = "-";
				COPY_PHASE_STRIP = NO;
				DEBUG_INFORMATION_FORMAT = dwarf;
				ENABLE_STRICT_OBJC_MSGSEND = YES;
				ENABLE_TESTABILITY = YES;
				GCC_C_LANGUAGE_STANDARD = gnu99;
				GCC_DYNAMIC_NO_PIC = NO;
				GCC_NO_COMMON_BLOCKS = YES;
				GCC_OPTIMIZATION_LEVEL = 0;
				GCC_PREPROCESSOR_DEFINITIONS = (
					"DEBUG=1",
					"$(inherited)",
				);
				GCC_WARN_64_TO_32_BIT_CONVERSION = YES;
				GCC_WARN_ABOUT_RETURN_TYPE = YES_ERROR;
				GCC_WARN_UNDECLARED_SELECTOR = YES;
				GCC_WARN_UNINITIALIZED_AUTOS = YES_AGGRESSIVE;
				GCC_WARN_UNUSED_FUNCTION = YES;
				GCC_WARN_UNUSED_VARIABLE = YES;
				MACOSX_DEPLOYMENT_TARGET = 10.12;
				MTL_ENABLE_DEBUG_INFO = YES;
				ONLY_ACTIVE_ARCH = YES;
				SDKROOT = macosx;
				SWIFT_OPTIMIZATION_LEVEL = "-Onone";
			};
			name = Debug;
		};
		C8D046221EFE966100A7F5B9 /* Release */ = {
			isa = XCBuildConfiguration;
			buildSettings = {
				ALWAYS_SEARCH_USER_PATHS = NO;
				CLANG_ANALYZER_NONNULL = YES;
				CLANG_ANALYZER_NUMBER_OBJECT_CONVERSION = YES_AGGRESSIVE;
				CLANG_CXX_LANGUAGE_STANDARD = "gnu++0x";
				CLANG_CXX_LIBRARY = "libc++";
				CLANG_ENABLE_MODULES = YES;
				CLANG_ENABLE_OBJC_ARC = YES;
				CLANG_WARN_BOOL_CONVERSION = YES;
				CLANG_WARN_CONSTANT_CONVERSION = YES;
				CLANG_WARN_DIRECT_OBJC_ISA_USAGE = YES_ERROR;
				CLANG_WARN_DOCUMENTATION_COMMENTS = YES;
				CLANG_WARN_EMPTY_BODY = YES;
				CLANG_WARN_ENUM_CONVERSION = YES;
				CLANG_WARN_INFINITE_RECURSION = YES;
				CLANG_WARN_INT_CONVERSION = YES;
				CLANG_WARN_OBJC_ROOT_CLASS = YES_ERROR;
				CLANG_WARN_SUSPICIOUS_MOVE = YES;
				CLANG_WARN_UNREACHABLE_CODE = YES;
				CLANG_WARN__DUPLICATE_METHOD_MATCH = YES;
				CODE_SIGN_IDENTITY = "-";
				COPY_PHASE_STRIP = NO;
				DEBUG_INFORMATION_FORMAT = "dwarf-with-dsym";
				ENABLE_NS_ASSERTIONS = NO;
				ENABLE_STRICT_OBJC_MSGSEND = YES;
				GCC_C_LANGUAGE_STANDARD = gnu99;
				GCC_NO_COMMON_BLOCKS = YES;
				GCC_WARN_64_TO_32_BIT_CONVERSION = YES;
				GCC_WARN_ABOUT_RETURN_TYPE = YES_ERROR;
				GCC_WARN_UNDECLARED_SELECTOR = YES;
				GCC_WARN_UNINITIALIZED_AUTOS = YES_AGGRESSIVE;
				GCC_WARN_UNUSED_FUNCTION = YES;
				GCC_WARN_UNUSED_VARIABLE = YES;
				MACOSX_DEPLOYMENT_TARGET = 10.12;
				MTL_ENABLE_DEBUG_INFO = NO;
				SDKROOT = macosx;
			};
			name = Release;
		};
		C8D046241EFE966100A7F5B9 /* Debug */ = {
			isa = XCBuildConfiguration;
			buildSettings = {
				DEVELOPMENT_TEAM = 2F27NMC2Q7;
				PRODUCT_NAME = "$(TARGET_NAME)";
				SWIFT_VERSION = 3.0;
			};
			name = Debug;
		};
		C8D046251EFE966100A7F5B9 /* Release */ = {
			isa = XCBuildConfiguration;
			buildSettings = {
				DEVELOPMENT_TEAM = 2F27NMC2Q7;
				PRODUCT_NAME = "$(TARGET_NAME)";
				SWIFT_VERSION = 3.0;
			};
			name = Release;
		};
/* End XCBuildConfiguration section */

/* Begin XCConfigurationList section */
		C8D046171EFE966000A7F5B9 /* Build configuration list for PBXProject "DesignPatterns" */ = {
			isa = XCConfigurationList;
			buildConfigurations = (
				C8D046211EFE966100A7F5B9 /* Debug */,
				C8D046221EFE966100A7F5B9 /* Release */,
			);
			defaultConfigurationIsVisible = 0;
			defaultConfigurationName = Release;
		};
		C8D046231EFE966100A7F5B9 /* Build configuration list for PBXNativeTarget "DesignPatterns" */ = {
			isa = XCConfigurationList;
			buildConfigurations = (
				C8D046241EFE966100A7F5B9 /* Debug */,
				C8D046251EFE966100A7F5B9 /* Release */,
			);
			defaultConfigurationIsVisible = 0;
			defaultConfigurationName = Release;
		};
/* End XCConfigurationList section */
	};
	rootObject = C8D046141EFE966000A7F5B9 /* Project object */;
}
